
Microsoft Visual Studio Solution File, Format Version 12.00
# Visual Studio Version 17
VisualStudioVersion = 17.8.34525.116
MinimumVisualStudioVersion = 10.0.40219.1
Project("{9A19103F-16F7-4668-BE54-9A1E7A4F7556}") = "CSLegeplads.ConsoleTest", "CSLegeplads.ConsoleTest\CSLegeplads.ConsoleTest.csproj", "{EE8ACC90-C6B3-41B8-B6E4-AB5CE6D8C1CD}"
EndProject
Project("{FAE04EC0-301F-11D3-BF4B-00C04F79EFBC}") = "CSLegeplads.ConsoleHelper", "CSLegeplads.ConsoleHelper\CSLegeplads.ConsoleHelper.csproj", "{5CE37156-5F8F-459E-8031-8915ECD7EDCE}"
EndProject
Global
	GlobalSection(SolutionConfigurationPlatforms) = preSolution
		Debug|Any CPU = Debug|Any CPU
		Release|Any CPU = Release|Any CPU
	EndGlobalSection
	GlobalSection(ProjectConfigurationPlatforms) = postSolution
		{EE8ACC90-C6B3-41B8-B6E4-AB5CE6D8C1CD}.Debug|Any CPU.ActiveCfg = Debug|Any CPU
		{EE8ACC90-C6B3-41B8-B6E4-AB5CE6D8C1CD}.Debug|Any CPU.Build.0 = Debug|Any CPU
		{EE8ACC90-C6B3-41B8-B6E4-AB5CE6D8C1CD}.Release|Any CPU.ActiveCfg = Release|Any CPU
		{EE8ACC90-C6B3-41B8-B6E4-AB5CE6D8C1CD}.Release|Any CPU.Build.0 = Release|Any CPU
		{5CE37156-5F8F-459E-8031-8915ECD7EDCE}.Debug|Any CPU.ActiveCfg = Debug|Any CPU
		{5CE37156-5F8F-459E-8031-8915ECD7EDCE}.Debug|Any CPU.Build.0 = Debug|Any CPU
		{5CE37156-5F8F-459E-8031-8915ECD7EDCE}.Release|Any CPU.ActiveCfg = Release|Any CPU
		{5CE37156-5F8F-459E-8031-8915ECD7EDCE}.Release|Any CPU.Build.0 = Release|Any CPU
	EndGlobalSection
	GlobalSection(SolutionProperties) = preSolution
		HideSolutionNode = FALSE
	EndGlobalSection
	GlobalSection(ExtensibilityGlobals) = postSolution
		SolutionGuid = {91B70DF1-6F8A-4B1B-97A2-6BA3AEB8A9DA}
	EndGlobalSection
EndGlobal
